
Microsoft Visual Studio Solution File, Format Version 12.00
# Visual Studio 15
VisualStudioVersion = 15.0.26730.12
MinimumVisualStudioVersion = 10.0.40219.1
Project("{FAE04EC0-301F-11D3-BF4B-00C04F79EFBC}") = "PrintedStatues", "PrintedStatues\PrintedStatues.csproj", "{754261F5-3AF7-44EE-9553-2D87CAB61B63}"
EndProject
Global
	GlobalSection(SolutionConfigurationPlatforms) = preSolution
		Debug|Any CPU = Debug|Any CPU
		Release|Any CPU = Release|Any CPU
	EndGlobalSection
	GlobalSection(ProjectConfigurationPlatforms) = postSolution
		{754261F5-3AF7-44EE-9553-2D87CAB61B63}.Debug|Any CPU.ActiveCfg = Debug|Any CPU
		{754261F5-3AF7-44EE-9553-2D87CAB61B63}.Debug|Any CPU.Build.0 = Debug|Any CPU
		{754261F5-3AF7-44EE-9553-2D87CAB61B63}.Release|Any CPU.ActiveCfg = Release|Any CPU
		{754261F5-3AF7-44EE-9553-2D87CAB61B63}.Release|Any CPU.Build.0 = Release|Any CPU
	EndGlobalSection
	GlobalSection(SolutionProperties) = preSolution
		HideSolutionNode = FALSE
	EndGlobalSection
	GlobalSection(ExtensibilityGlobals) = postSolution
		SolutionGuid = {DC7CE699-813F-4081-AE9F-D93B5CC57B4F}
	EndGlobalSection
EndGlobal
